
Microsoft Visual Studio Solution File, Format Version 12.00
Project("{FAE04EC0-301F-11D3-BF4B-00C04F79EFBC}") = "Svintus.Microservices.Movies", "Svintus.Microservices.Movies\Svintus.Microservices.Movies.csproj", "{5FCD1669-B52C-4558-B4D5-3BE6FAC4ED17}"
EndProject
Project("{FAE04EC0-301F-11D3-BF4B-00C04F79EFBC}") = "Svintus.Movies.DataAccess", "Svintus.Movies.DataAccess\Svintus.Movies.DataAccess.csproj", "{4E38A4A2-E9BA-44C4-83CA-4D4775FB7719}"
EndProject
Project("{FAE04EC0-301F-11D3-BF4B-00C04F79EFBC}") = "Svintus.Movies.Integrations", "Svintus.Movies.Integrations\Svintus.Movies.Integrations.csproj", "{2BF3D6B5-8E6B-46DB-9186-9701FC4C32F9}"
EndProject
Project("{FAE04EC0-301F-11D3-BF4B-00C04F79EFBC}") = "Svintus.Movies.Application", "Svintus.Movies.Application\Svintus.Movies.Application.csproj", "{431BB2ED-D5EE-4B9A-A529-57AA89209973}"
EndProject
Project("{2150E333-8FDC-42A3-9474-1A3956D46DE8}") = "UnitTests", "UnitTests", "{3AD4D9ED-F081-412E-974B-22BD086185C4}"
EndProject
Project("{FAE04EC0-301F-11D3-BF4B-00C04F79EFBC}") = "Svintus.Movies.XunitKit", "Svintus.Movies.XunitKit\Svintus.Movies.XunitKit.csproj", "{4C578B6D-68B1-453B-AF37-50F4BA0A2F69}"
EndProject
Project("{FAE04EC0-301F-11D3-BF4B-00C04F79EFBC}") = "Svintus.Movies.Integrations.Tests", "Svintus.Movies.Integrations.Tests\Svintus.Movies.Integrations.Tests.csproj", "{66AB9B68-B2C0-4401-92D9-DFD607D66AF3}"
EndProject
Global
	GlobalSection(SolutionConfigurationPlatforms) = preSolution
		Debug|Any CPU = Debug|Any CPU
		Release|Any CPU = Release|Any CPU
	EndGlobalSection
	GlobalSection(ProjectConfigurationPlatforms) = postSolution
		{5FCD1669-B52C-4558-B4D5-3BE6FAC4ED17}.Debug|Any CPU.ActiveCfg = Debug|Any CPU
		{5FCD1669-B52C-4558-B4D5-3BE6FAC4ED17}.Debug|Any CPU.Build.0 = Debug|Any CPU
		{5FCD1669-B52C-4558-B4D5-3BE6FAC4ED17}.Release|Any CPU.ActiveCfg = Release|Any CPU
		{5FCD1669-B52C-4558-B4D5-3BE6FAC4ED17}.Release|Any CPU.Build.0 = Release|Any CPU
		{4E38A4A2-E9BA-44C4-83CA-4D4775FB7719}.Debug|Any CPU.ActiveCfg = Debug|Any CPU
		{4E38A4A2-E9BA-44C4-83CA-4D4775FB7719}.Debug|Any CPU.Build.0 = Debug|Any CPU
		{4E38A4A2-E9BA-44C4-83CA-4D4775FB7719}.Release|Any CPU.ActiveCfg = Release|Any CPU
		{4E38A4A2-E9BA-44C4-83CA-4D4775FB7719}.Release|Any CPU.Build.0 = Release|Any CPU
		{2BF3D6B5-8E6B-46DB-9186-9701FC4C32F9}.Debug|Any CPU.ActiveCfg = Debug|Any CPU
		{2BF3D6B5-8E6B-46DB-9186-9701FC4C32F9}.Debug|Any CPU.Build.0 = Debug|Any CPU
		{2BF3D6B5-8E6B-46DB-9186-9701FC4C32F9}.Release|Any CPU.ActiveCfg = Release|Any CPU
		{2BF3D6B5-8E6B-46DB-9186-9701FC4C32F9}.Release|Any CPU.Build.0 = Release|Any CPU
		{431BB2ED-D5EE-4B9A-A529-57AA89209973}.Debug|Any CPU.ActiveCfg = Debug|Any CPU
		{431BB2ED-D5EE-4B9A-A529-57AA89209973}.Debug|Any CPU.Build.0 = Debug|Any CPU
		{431BB2ED-D5EE-4B9A-A529-57AA89209973}.Release|Any CPU.ActiveCfg = Release|Any CPU
		{431BB2ED-D5EE-4B9A-A529-57AA89209973}.Release|Any CPU.Build.0 = Release|Any CPU
		{4C578B6D-68B1-453B-AF37-50F4BA0A2F69}.Debug|Any CPU.ActiveCfg = Debug|Any CPU
		{4C578B6D-68B1-453B-AF37-50F4BA0A2F69}.Debug|Any CPU.Build.0 = Debug|Any CPU
		{4C578B6D-68B1-453B-AF37-50F4BA0A2F69}.Release|Any CPU.ActiveCfg = Release|Any CPU
		{4C578B6D-68B1-453B-AF37-50F4BA0A2F69}.Release|Any CPU.Build.0 = Release|Any CPU
		{66AB9B68-B2C0-4401-92D9-DFD607D66AF3}.Debug|Any CPU.ActiveCfg = Debug|Any CPU
		{66AB9B68-B2C0-4401-92D9-DFD607D66AF3}.Debug|Any CPU.Build.0 = Debug|Any CPU
		{66AB9B68-B2C0-4401-92D9-DFD607D66AF3}.Release|Any CPU.ActiveCfg = Release|Any CPU
		{66AB9B68-B2C0-4401-92D9-DFD607D66AF3}.Release|Any CPU.Build.0 = Release|Any CPU
	EndGlobalSection
	GlobalSection(NestedProjects) = preSolution
		{4C578B6D-68B1-453B-AF37-50F4BA0A2F69} = {3AD4D9ED-F081-412E-974B-22BD086185C4}
		{66AB9B68-B2C0-4401-92D9-DFD607D66AF3} = {3AD4D9ED-F081-412E-974B-22BD086185C4}
	EndGlobalSection
EndGlobal
